// !$*UTF8*$!
{
	archiveVersion = 1;
	classes = {
	};
	objectVersion = 46;
	objects = {

/* Begin PBXBuildFile section */
		95C99FAF1E238A5E0086D4BF /* AppDelegate.swift in Sources */ = {isa = PBXBuildFile; fileRef = 95C99FAE1E238A5E0086D4BF /* AppDelegate.swift */; };
		95C99FB11E238A5E0086D4BF /* ViewController.swift in Sources */ = {isa = PBXBuildFile; fileRef = 95C99FB01E238A5E0086D4BF /* ViewController.swift */; };
		95C99FB41E238A5E0086D4BF /* Main.storyboard in Resources */ = {isa = PBXBuildFile; fileRef = 95C99FB21E238A5E0086D4BF /* Main.storyboard */; };
		95C99FB61E238A5E0086D4BF /* Assets.xcassets in Resources */ = {isa = PBXBuildFile; fileRef = 95C99FB51E238A5E0086D4BF /* Assets.xcassets */; };
		95C99FB91E238A5E0086D4BF /* LaunchScreen.storyboard in Resources */ = {isa = PBXBuildFile; fileRef = 95C99FB71E238A5E0086D4BF /* LaunchScreen.storyboard */; };
		95C99FD41E238C5F0086D4BF /* f0134f93-s.gif in Resources */ = {isa = PBXBuildFile; fileRef = 95C99FC01E238C5F0086D4BF /* f0134f93-s.gif */; };
		95C99FD51E238C5F0086D4BF /* f0134f93.gif in Resources */ = {isa = PBXBuildFile; fileRef = 95C99FC11E238C5F0086D4BF /* f0134f93.gif */; };
		95C99FD61E238C5F0086D4BF /* fda6210c-s.gif in Resources */ = {isa = PBXBuildFile; fileRef = 95C99FC21E238C5F0086D4BF /* fda6210c-s.gif */; };
		95C99FD71E238C5F0086D4BF /* fda6210c.gif in Resources */ = {isa = PBXBuildFile; fileRef = 95C99FC31E238C5F0086D4BF /* fda6210c.gif */; };
		95C99FD81E238C5F0086D4BF /* c7366e5b-s.gif in Resources */ = {isa = PBXBuildFile; fileRef = 95C99FC41E238C5F0086D4BF /* c7366e5b-s.gif */; };
		95C99FD91E238C5F0086D4BF /* c7366e5b.gif in Resources */ = {isa = PBXBuildFile; fileRef = 95C99FC51E238C5F0086D4BF /* c7366e5b.gif */; };
		95C99FDA1E238C5F0086D4BF /* ef60f98b-s.gif in Resources */ = {isa = PBXBuildFile; fileRef = 95C99FC61E238C5F0086D4BF /* ef60f98b-s.gif */; };
		95C99FDB1E238C5F0086D4BF /* ef60f98b.gif in Resources */ = {isa = PBXBuildFile; fileRef = 95C99FC71E238C5F0086D4BF /* ef60f98b.gif */; };
		95C99FDC1E238C5F0086D4BF /* 7ff4dbe2-s.gif in Resources */ = {isa = PBXBuildFile; fileRef = 95C99FC81E238C5F0086D4BF /* 7ff4dbe2-s.gif */; };
		95C99FDD1E238C5F0086D4BF /* 7ff4dbe2.gif in Resources */ = {isa = PBXBuildFile; fileRef = 95C99FC91E238C5F0086D4BF /* 7ff4dbe2.gif */; };
		95C99FDE1E238C5F0086D4BF /* 01b6cb78-s.gif in Resources */ = {isa = PBXBuildFile; fileRef = 95C99FCA1E238C5F0086D4BF /* 01b6cb78-s.gif */; };
		95C99FDF1E238C5F0086D4BF /* 01b6cb78.gif in Resources */ = {isa = PBXBuildFile; fileRef = 95C99FCB1E238C5F0086D4BF /* 01b6cb78.gif */; };
		95C99FE01E238C5F0086D4BF /* 36fa3c25-s.gif in Resources */ = {isa = PBXBuildFile; fileRef = 95C99FCC1E238C5F0086D4BF /* 36fa3c25-s.gif */; };
		95C99FE11E238C5F0086D4BF /* 36fa3c25.gif in Resources */ = {isa = PBXBuildFile; fileRef = 95C99FCD1E238C5F0086D4BF /* 36fa3c25.gif */; };
		95C99FE21E238C5F0086D4BF /* 20be2a48-s.gif in Resources */ = {isa = PBXBuildFile; fileRef = 95C99FCE1E238C5F0086D4BF /* 20be2a48-s.gif */; };
		95C99FE31E238C5F0086D4BF /* 20be2a48.gif in Resources */ = {isa = PBXBuildFile; fileRef = 95C99FCF1E238C5F0086D4BF /* 20be2a48.gif */; };
		95C99FE41E238C5F0086D4BF /* 19cde0ad-s.gif in Resources */ = {isa = PBXBuildFile; fileRef = 95C99FD01E238C5F0086D4BF /* 19cde0ad-s.gif */; };
		95C99FE51E238C5F0086D4BF /* 19cde0ad.gif in Resources */ = {isa = PBXBuildFile; fileRef = 95C99FD11E238C5F0086D4BF /* 19cde0ad.gif */; };
		95C99FE61E238C5F0086D4BF /* de488dc5-s.gif in Resources */ = {isa = PBXBuildFile; fileRef = 95C99FD21E238C5F0086D4BF /* de488dc5-s.gif */; };
		95C99FE71E238C5F0086D4BF /* de488dc5.gif in Resources */ = {isa = PBXBuildFile; fileRef = 95C99FD31E238C5F0086D4BF /* de488dc5.gif */; };
		95C99FE91E238D7B0086D4BF /* ImageViewController.swift in Sources */ = {isa = PBXBuildFile; fileRef = 95C99FE81E238D7B0086D4BF /* ImageViewController.swift */; };
/* End PBXBuildFile section */

/* Begin PBXFileReference section */
		95C99FAB1E238A5E0086D4BF /* SlideshowApp.app */ = {isa = PBXFileReference; explicitFileType = wrapper.application; includeInIndex = 0; path = SlideshowApp.app; sourceTree = BUILT_PRODUCTS_DIR; };
		95C99FAE1E238A5E0086D4BF /* AppDelegate.swift */ = {isa = PBXFileReference; lastKnownFileType = sourcecode.swift; path = AppDelegate.swift; sourceTree = "<group>"; };
		95C99FB01E238A5E0086D4BF /* ViewController.swift */ = {isa = PBXFileReference; lastKnownFileType = sourcecode.swift; path = ViewController.swift; sourceTree = "<group>"; };
		95C99FB31E238A5E0086D4BF /* Base */ = {isa = PBXFileReference; lastKnownFileType = file.storyboard; name = Base; path = Base.lproj/Main.storyboard; sourceTree = "<group>"; };
		95C99FB51E238A5E0086D4BF /* Assets.xcassets */ = {isa = PBXFileReference; lastKnownFileType = folder.assetcatalog; path = Assets.xcassets; sourceTree = "<group>"; };
		95C99FB81E238A5E0086D4BF /* Base */ = {isa = PBXFileReference; lastKnownFileType = file.storyboard; name = Base; path = Base.lproj/LaunchScreen.storyboard; sourceTree = "<group>"; };
		95C99FBA1E238A5E0086D4BF /* Info.plist */ = {isa = PBXFileReference; lastKnownFileType = text.plist.xml; path = Info.plist; sourceTree = "<group>"; };
		95C99FC01E238C5F0086D4BF /* f0134f93-s.gif */ = {isa = PBXFileReference; lastKnownFileType = image.gif; path = "f0134f93-s.gif"; sourceTree = "<group>"; };
		95C99FC11E238C5F0086D4BF /* f0134f93.gif */ = {isa = PBXFileReference; lastKnownFileType = image.gif; path = f0134f93.gif; sourceTree = "<group>"; };
		95C99FC21E238C5F0086D4BF /* fda6210c-s.gif */ = {isa = PBXFileReference; lastKnownFileType = image.gif; path = "fda6210c-s.gif"; sourceTree = "<group>"; };
		95C99FC31E238C5F0086D4BF /* fda6210c.gif */ = {isa = PBXFileReference; lastKnownFileType = image.gif; path = fda6210c.gif; sourceTree = "<group>"; };
		95C99FC41E238C5F0086D4BF /* c7366e5b-s.gif */ = {isa = PBXFileReference; lastKnownFileType = image.gif; path = "c7366e5b-s.gif"; sourceTree = "<group>"; };
		95C99FC51E238C5F0086D4BF /* c7366e5b.gif */ = {isa = PBXFileReference; lastKnownFileType = image.gif; path = c7366e5b.gif; sourceTree = "<group>"; };
		95C99FC61E238C5F0086D4BF /* ef60f98b-s.gif */ = {isa = PBXFileReference; lastKnownFileType = image.gif; path = "ef60f98b-s.gif"; sourceTree = "<group>"; };
		95C99FC71E238C5F0086D4BF /* ef60f98b.gif */ = {isa = PBXFileReference; lastKnownFileType = image.gif; path = ef60f98b.gif; sourceTree = "<group>"; };
		95C99FC81E238C5F0086D4BF /* 7ff4dbe2-s.gif */ = {isa = PBXFileReference; lastKnownFileType = image.gif; path = "7ff4dbe2-s.gif"; sourceTree = "<group>"; };
		95C99FC91E238C5F0086D4BF /* 7ff4dbe2.gif */ = {isa = PBXFileReference; lastKnownFileType = image.gif; path = 7ff4dbe2.gif; sourceTree = "<group>"; };
		95C99FCA1E238C5F0086D4BF /* 01b6cb78-s.gif */ = {isa = PBXFileReference; lastKnownFileType = image.gif; path = "01b6cb78-s.gif"; sourceTree = "<group>"; };
		95C99FCB1E238C5F0086D4BF /* 01b6cb78.gif */ = {isa = PBXFileReference; lastKnownFileType = image.gif; path = 01b6cb78.gif; sourceTree = "<group>"; };
		95C99FCC1E238C5F0086D4BF /* 36fa3c25-s.gif */ = {isa = PBXFileReference; lastKnownFileType = image.gif; path = "36fa3c25-s.gif"; sourceTree = "<group>"; };
		95C99FCD1E238C5F0086D4BF /* 36fa3c25.gif */ = {isa = PBXFileReference; lastKnownFileType = image.gif; path = 36fa3c25.gif; sourceTree = "<group>"; };
		95C99FCE1E238C5F0086D4BF /* 20be2a48-s.gif */ = {isa = PBXFileReference; lastKnownFileType = image.gif; path = "20be2a48-s.gif"; sourceTree = "<group>"; };
		95C99FCF1E238C5F0086D4BF /* 20be2a48.gif */ = {isa = PBXFileReference; lastKnownFileType = image.gif; path = 20be2a48.gif; sourceTree = "<group>"; };
		95C99FD01E238C5F0086D4BF /* 19cde0ad-s.gif */ = {isa = PBXFileReference; lastKnownFileType = image.gif; path = "19cde0ad-s.gif"; sourceTree = "<group>"; };
		95C99FD11E238C5F0086D4BF /* 19cde0ad.gif */ = {isa = PBXFileReference; lastKnownFileType = image.gif; path = 19cde0ad.gif; sourceTree = "<group>"; };
		95C99FD21E238C5F0086D4BF /* de488dc5-s.gif */ = {isa = PBXFileReference; lastKnownFileType = image.gif; path = "de488dc5-s.gif"; sourceTree = "<group>"; };
		95C99FD31E238C5F0086D4BF /* de488dc5.gif */ = {isa = PBXFileReference; lastKnownFileType = image.gif; path = de488dc5.gif; sourceTree = "<group>"; };
		95C99FE81E238D7B0086D4BF /* ImageViewController.swift */ = {isa = PBXFileReference; fileEncoding = 4; lastKnownFileType = sourcecode.swift; name = ImageViewController.swift; path = ../ImageViewController.swift; sourceTree = "<group>"; };
/* End PBXFileReference section */

/* Begin PBXFrameworksBuildPhase section */
		95C99FA81E238A5E0086D4BF /* Frameworks */ = {
			isa = PBXFrameworksBuildPhase;
			buildActionMask = 2147483647;
			files = (
			);
			runOnlyForDeploymentPostprocessing = 0;
		};
/* End PBXFrameworksBuildPhase section */

/* Begin PBXGroup section */
		95C99FA21E238A5E0086D4BF = {
			isa = PBXGroup;
			children = (
				95C99FAD1E238A5E0086D4BF /* SlideshowApp */,
				95C99FAC1E238A5E0086D4BF /* Products */,
			);
			sourceTree = "<group>";
		};
		95C99FAC1E238A5E0086D4BF /* Products */ = {
			isa = PBXGroup;
			children = (
				95C99FAB1E238A5E0086D4BF /* SlideshowApp.app */,
			);
			name = Products;
			sourceTree = "<group>";
		};
		95C99FAD1E238A5E0086D4BF /* SlideshowApp */ = {
			isa = PBXGroup;
			children = (
				95C99FE81E238D7B0086D4BF /* ImageViewController.swift */,
				95C99FC01E238C5F0086D4BF /* f0134f93-s.gif */,
				95C99FC11E238C5F0086D4BF /* f0134f93.gif */,
				95C99FC21E238C5F0086D4BF /* fda6210c-s.gif */,
				95C99FC31E238C5F0086D4BF /* fda6210c.gif */,
				95C99FC41E238C5F0086D4BF /* c7366e5b-s.gif */,
				95C99FC51E238C5F0086D4BF /* c7366e5b.gif */,
				95C99FC61E238C5F0086D4BF /* ef60f98b-s.gif */,
				95C99FC71E238C5F0086D4BF /* ef60f98b.gif */,
				95C99FC81E238C5F0086D4BF /* 7ff4dbe2-s.gif */,
				95C99FC91E238C5F0086D4BF /* 7ff4dbe2.gif */,
				95C99FCA1E238C5F0086D4BF /* 01b6cb78-s.gif */,
				95C99FCB1E238C5F0086D4BF /* 01b6cb78.gif */,
				95C99FCC1E238C5F0086D4BF /* 36fa3c25-s.gif */,
				95C99FCD1E238C5F0086D4BF /* 36fa3c25.gif */,
				95C99FCE1E238C5F0086D4BF /* 20be2a48-s.gif */,
				95C99FCF1E238C5F0086D4BF /* 20be2a48.gif */,
				95C99FD01E238C5F0086D4BF /* 19cde0ad-s.gif */,
				95C99FD11E238C5F0086D4BF /* 19cde0ad.gif */,
				95C99FD21E238C5F0086D4BF /* de488dc5-s.gif */,
				95C99FD31E238C5F0086D4BF /* de488dc5.gif */,
				95C99FAE1E238A5E0086D4BF /* AppDelegate.swift */,
				95C99FB01E238A5E0086D4BF /* ViewController.swift */,
				95C99FB21E238A5E0086D4BF /* Main.storyboard */,
				95C99FB51E238A5E0086D4BF /* Assets.xcassets */,
				95C99FB71E238A5E0086D4BF /* LaunchScreen.storyboard */,
				95C99FBA1E238A5E0086D4BF /* Info.plist */,
			);
			path = SlideshowApp;
			sourceTree = "<group>";
		};
/* End PBXGroup section */

/* Begin PBXNativeTarget section */
		95C99FAA1E238A5E0086D4BF /* SlideshowApp */ = {
			isa = PBXNativeTarget;
			buildConfigurationList = 95C99FBD1E238A5E0086D4BF /* Build configuration list for PBXNativeTarget "SlideshowApp" */;
			buildPhases = (
				95C99FA71E238A5E0086D4BF /* Sources */,
				95C99FA81E238A5E0086D4BF /* Frameworks */,
				95C99FA91E238A5E0086D4BF /* Resources */,
			);
			buildRules = (
			);
			dependencies = (
			);
			name = SlideshowApp;
			productName = SlideshowApp;
			productReference = 95C99FAB1E238A5E0086D4BF /* SlideshowApp.app */;
			productType = "com.apple.product-type.application";
		};
/* End PBXNativeTarget section */

/* Begin PBXProject section */
		95C99FA31E238A5E0086D4BF /* Project object */ = {
			isa = PBXProject;
			attributes = {
				LastSwiftUpdateCheck = 0820;
				LastUpgradeCheck = 0820;
				ORGANIZATIONNAME = "critical-bug";
				TargetAttributes = {
					95C99FAA1E238A5E0086D4BF = {
						CreatedOnToolsVersion = 8.2.1;
						DevelopmentTeam = 6VUM75Z68A;
						ProvisioningStyle = Automatic;
					};
				};
			};
			buildConfigurationList = 95C99FA61E238A5E0086D4BF /* Build configuration list for PBXProject "SlideshowApp" */;
			compatibilityVersion = "Xcode 3.2";
			developmentRegion = English;
			hasScannedForEncodings = 0;
			knownRegions = (
				en,
				Base,
			);
			mainGroup = 95C99FA21E238A5E0086D4BF;
			productRefGroup = 95C99FAC1E238A5E0086D4BF /* Products */;
			projectDirPath = "";
			projectRoot = "";
			targets = (
				95C99FAA1E238A5E0086D4BF /* SlideshowApp */,
			);
		};
/* End PBXProject section */

/* Begin PBXResourcesBuildPhase section */
		95C99FA91E238A5E0086D4BF /* Resources */ = {
			isa = PBXResourcesBuildPhase;
			buildActionMask = 2147483647;
			files = (
				95C99FE51E238C5F0086D4BF /* 19cde0ad.gif in Resources */,
				95C99FE21E238C5F0086D4BF /* 20be2a48-s.gif in Resources */,
				95C99FE41E238C5F0086D4BF /* 19cde0ad-s.gif in Resources */,
				95C99FDA1E238C5F0086D4BF /* ef60f98b-s.gif in Resources */,
				95C99FB91E238A5E0086D4BF /* LaunchScreen.storyboard in Resources */,
				95C99FB61E238A5E0086D4BF /* Assets.xcassets in Resources */,
				95C99FD71E238C5F0086D4BF /* fda6210c.gif in Resources */,
				95C99FE71E238C5F0086D4BF /* de488dc5.gif in Resources */,
				95C99FDF1E238C5F0086D4BF /* 01b6cb78.gif in Resources */,
				95C99FDB1E238C5F0086D4BF /* ef60f98b.gif in Resources */,
				95C99FD51E238C5F0086D4BF /* f0134f93.gif in Resources */,
				95C99FDC1E238C5F0086D4BF /* 7ff4dbe2-s.gif in Resources */,
				95C99FD91E238C5F0086D4BF /* c7366e5b.gif in Resources */,
				95C99FE11E238C5F0086D4BF /* 36fa3c25.gif in Resources */,
				95C99FD41E238C5F0086D4BF /* f0134f93-s.gif in Resources */,
				95C99FB41E238A5E0086D4BF /* Main.storyboard in Resources */,
				95C99FDD1E238C5F0086D4BF /* 7ff4dbe2.gif in Resources */,
				95C99FDE1E238C5F0086D4BF /* 01b6cb78-s.gif in Resources */,
				95C99FD61E238C5F0086D4BF /* fda6210c-s.gif in Resources */,
				95C99FD81E238C5F0086D4BF /* c7366e5b-s.gif in Resources */,
				95C99FE61E238C5F0086D4BF /* de488dc5-s.gif in Resources */,
				95C99FE01E238C5F0086D4BF /* 36fa3c25-s.gif in Resources */,
				95C99FE31E238C5F0086D4BF /* 20be2a48.gif in Resources */,
			);
			runOnlyForDeploymentPostprocessing = 0;
		};
/* End PBXResourcesBuildPhase section */

/* Begin PBXSourcesBuildPhase section */
		95C99FA71E238A5E0086D4BF /* Sources */ = {
			isa = PBXSourcesBuildPhase;
			buildActionMask = 2147483647;
			files = (
				95C99FB11E238A5E0086D4BF /* ViewController.swift in Sources */,
				95C99FE91E238D7B0086D4BF /* ImageViewController.swift in Sources */,
				95C99FAF1E238A5E0086D4BF /* AppDelegate.swift in Sources */,
			);
			runOnlyForDeploymentPostprocessing = 0;
		};
/* End PBXSourcesBuildPhase section */

/* Begin PBXVariantGroup section */
		95C99FB21E238A5E0086D4BF /* Main.storyboard */ = {
			isa = PBXVariantGroup;
			children = (
				95C99FB31E238A5E0086D4BF /* Base */,
			);
			name = Main.storyboard;
			sourceTree = "<group>";
		};
		95C99FB71E238A5E0086D4BF /* LaunchScreen.storyboard */ = {
			isa = PBXVariantGroup;
			children = (
				95C99FB81E238A5E0086D4BF /* Base */,
			);
			name = LaunchScreen.storyboard;
			sourceTree = "<group>";
		};
/* End PBXVariantGroup section */

/* Begin XCBuildConfiguration section */
		95C99FBB1E238A5E0086D4BF /* Debug */ = {
			isa = XCBuildConfiguration;
			buildSettings = {
				ALWAYS_SEARCH_USER_PATHS = NO;
				CLANG_ANALYZER_NONNULL = YES;
				CLANG_CXX_LANGUAGE_STANDARD = "gnu++0x";
				CLANG_CXX_LIBRARY = "libc++";
				CLANG_ENABLE_MODULES = YES;
				CLANG_ENABLE_OBJC_ARC = YES;
				CLANG_WARN_BOOL_CONVERSION = YES;
				CLANG_WARN_CONSTANT_CONVERSION = YES;
				CLANG_WARN_DIRECT_OBJC_ISA_USAGE = YES_ERROR;
				CLANG_WARN_DOCUMENTATION_COMMENTS = YES;
				CLANG_WARN_EMPTY_BODY = YES;
				CLANG_WARN_ENUM_CONVERSION = YES;
				CLANG_WARN_INFINITE_RECURSION = YES;
				CLANG_WARN_INT_CONVERSION = YES;
				CLANG_WARN_OBJC_ROOT_CLASS = YES_ERROR;
				CLANG_WARN_SUSPICIOUS_MOVE = YES;
				CLANG_WARN_UNREACHABLE_CODE = YES;
				CLANG_WARN__DUPLICATE_METHOD_MATCH = YES;
				"CODE_SIGN_IDENTITY[sdk=iphoneos*]" = "iPhone Developer";
				COPY_PHASE_STRIP = NO;
				DEBUG_INFORMATION_FORMAT = dwarf;
				ENABLE_STRICT_OBJC_MSGSEND = YES;
				ENABLE_TESTABILITY = YES;
				GCC_C_LANGUAGE_STANDARD = gnu99;
				GCC_DYNAMIC_NO_PIC = NO;
				GCC_NO_COMMON_BLOCKS = YES;
				GCC_OPTIMIZATION_LEVEL = 0;
				GCC_PREPROCESSOR_DEFINITIONS = (
					"DEBUG=1",
					"$(inherited)",
				);
				GCC_WARN_64_TO_32_BIT_CONVERSION = YES;
				GCC_WARN_ABOUT_RETURN_TYPE = YES_ERROR;
				GCC_WARN_UNDECLARED_SELECTOR = YES;
				GCC_WARN_UNINITIALIZED_AUTOS = YES_AGGRESSIVE;
				GCC_WARN_UNUSED_FUNCTION = YES;
				GCC_WARN_UNUSED_VARIABLE = YES;
				IPHONEOS_DEPLOYMENT_TARGET = 10.2;
				MTL_ENABLE_DEBUG_INFO = YES;
				ONLY_ACTIVE_ARCH = YES;
				SDKROOT = iphoneos;
				SWIFT_ACTIVE_COMPILATION_CONDITIONS = DEBUG;
				SWIFT_OPTIMIZATION_LEVEL = "-Onone";
			};
			name = Debug;
		};
		95C99FBC1E238A5E0086D4BF /* Release */ = {
			isa = XCBuildConfiguration;
			buildSettings = {
				ALWAYS_SEARCH_USER_PATHS = NO;
				CLANG_ANALYZER_NONNULL = YES;
				CLANG_CXX_LANGUAGE_STANDARD = "gnu++0x";
				CLANG_CXX_LIBRARY = "libc++";
				CLANG_ENABLE_MODULES = YES;
				CLANG_ENABLE_OBJC_ARC = YES;
				CLANG_WARN_BOOL_CONVERSION = YES;
				CLANG_WARN_CONSTANT_CONVERSION = YES;
				CLANG_WARN_DIRECT_OBJC_ISA_USAGE = YES_ERROR;
				CLANG_WARN_DOCUMENTATION_COMMENTS = YES;
				CLANG_WARN_EMPTY_BODY = YES;
				CLANG_WARN_ENUM_CONVERSION = YES;
				CLANG_WARN_INFINITE_RECURSION = YES;
				CLANG_WARN_INT_CONVERSION = YES;
				CLANG_WARN_OBJC_ROOT_CLASS = YES_ERROR;
				CLANG_WARN_SUSPICIOUS_MOVE = YES;
				CLANG_WARN_UNREACHABLE_CODE = YES;
				CLANG_WARN__DUPLICATE_METHOD_MATCH = YES;
				"CODE_SIGN_IDENTITY[sdk=iphoneos*]" = "iPhone Developer";
				COPY_PHASE_STRIP = NO;
				DEBUG_INFORMATION_FORMAT = "dwarf-with-dsym";
				ENABLE_NS_ASSERTIONS = NO;
				ENABLE_STRICT_OBJC_MSGSEND = YES;
				GCC_C_LANGUAGE_STANDARD = gnu99;
				GCC_NO_COMMON_BLOCKS = YES;
				GCC_WARN_64_TO_32_BIT_CONVERSION = YES;
				GCC_WARN_ABOUT_RETURN_TYPE = YES_ERROR;
				GCC_WARN_UNDECLARED_SELECTOR = YES;
				GCC_WARN_UNINITIALIZED_AUTOS = YES_AGGRESSIVE;
				GCC_WARN_UNUSED_FUNCTION = YES;
				GCC_WARN_UNUSED_VARIABLE = YES;
				IPHONEOS_DEPLOYMENT_TARGET = 10.2;
				MTL_ENABLE_DEBUG_INFO = NO;
				SDKROOT = iphoneos;
				SWIFT_OPTIMIZATION_LEVEL = "-Owholemodule";
				VALIDATE_PRODUCT = YES;
			};
			name = Release;
		};
		95C99FBE1E238A5E0086D4BF /* Debug */ = {
			isa = XCBuildConfiguration;
			buildSettings = {
				ASSETCATALOG_COMPILER_APPICON_NAME = AppIcon;
				DEVELOPMENT_TEAM = 6VUM75Z68A;
				INFOPLIST_FILE = SlideshowApp/Info.plist;
				LD_RUNPATH_SEARCH_PATHS = "$(inherited) @executable_path/Frameworks";
				PRODUCT_BUNDLE_IDENTIFIER = "jp.techacademy.critical-bug.SlideshowApp";
				PRODUCT_NAME = "$(TARGET_NAME)";
				SWIFT_VERSION = 3.0;
			};
			name = Debug;
		};
		95C99FBF1E238A5E0086D4BF /* Release */ = {
			isa = XCBuildConfiguration;
			buildSettings = {
				ASSETCATALOG_COMPILER_APPICON_NAME = AppIcon;
				DEVELOPMENT_TEAM = 6VUM75Z68A;
				INFOPLIST_FILE = SlideshowApp/Info.plist;
				LD_RUNPATH_SEARCH_PATHS = "$(inherited) @executable_path/Frameworks";
				PRODUCT_BUNDLE_IDENTIFIER = "jp.techacademy.critical-bug.SlideshowApp";
				PRODUCT_NAME = "$(TARGET_NAME)";
				SWIFT_VERSION = 3.0;
			};
			name = Release;
		};
/* End XCBuildConfiguration section */

/* Begin XCConfigurationList section */
		95C99FA61E238A5E0086D4BF /* Build configuration list for PBXProject "SlideshowApp" */ = {
			isa = XCConfigurationList;
			buildConfigurations = (
				95C99FBB1E238A5E0086D4BF /* Debug */,
				95C99FBC1E238A5E0086D4BF /* Release */,
			);
			defaultConfigurationIsVisible = 0;
			defaultConfigurationName = Release;
		};
		95C99FBD1E238A5E0086D4BF /* Build configuration list for PBXNativeTarget "SlideshowApp" */ = {
			isa = XCConfigurationList;
			buildConfigurations = (
				95C99FBE1E238A5E0086D4BF /* Debug */,
				95C99FBF1E238A5E0086D4BF /* Release */,
			);
			defaultConfigurationIsVisible = 0;
		};
/* End XCConfigurationList section */
	};
	rootObject = 95C99FA31E238A5E0086D4BF /* Project object */;
}
